
Microsoft Visual Studio Solution File, Format Version 12.00
Project("{FAE04EC0-301F-11D3-BF4B-00C04F79EFBC}") = "Graphite", "Graphite\Graphite.csproj", "{A3AFC182-9197-4620-ABF6-04550D751DEC}"
EndProject
Project("{FAE04EC0-301F-11D3-BF4B-00C04F79EFBC}") = "Graphite.Abstractions", "Graphite.Abstractions\Graphite.Abstractions.csproj", "{F508F196-5854-48DD-80CA-67156C0302AA}"
EndProject
Project("{FAE04EC0-301F-11D3-BF4B-00C04F79EFBC}") = "Graphite.Web", "Graphite.Web\Graphite.Web.csproj", "{8A9A7FE0-408E-4CC0-B18B-FF77C5A11099}"
EndProject
Global
	GlobalSection(SolutionConfigurationPlatforms) = preSolution
		Debug|Any CPU = Debug|Any CPU
		Release|Any CPU = Release|Any CPU
	EndGlobalSection
	GlobalSection(ProjectConfigurationPlatforms) = postSolution
		{A3AFC182-9197-4620-ABF6-04550D751DEC}.Debug|Any CPU.ActiveCfg = Debug|Any CPU
		{A3AFC182-9197-4620-ABF6-04550D751DEC}.Debug|Any CPU.Build.0 = Debug|Any CPU
		{A3AFC182-9197-4620-ABF6-04550D751DEC}.Release|Any CPU.ActiveCfg = Release|Any CPU
		{A3AFC182-9197-4620-ABF6-04550D751DEC}.Release|Any CPU.Build.0 = Release|Any CPU
		{F508F196-5854-48DD-80CA-67156C0302AA}.Debug|Any CPU.ActiveCfg = Debug|Any CPU
		{F508F196-5854-48DD-80CA-67156C0302AA}.Debug|Any CPU.Build.0 = Debug|Any CPU
		{F508F196-5854-48DD-80CA-67156C0302AA}.Release|Any CPU.ActiveCfg = Release|Any CPU
		{F508F196-5854-48DD-80CA-67156C0302AA}.Release|Any CPU.Build.0 = Release|Any CPU
		{8A9A7FE0-408E-4CC0-B18B-FF77C5A11099}.Debug|Any CPU.ActiveCfg = Debug|Any CPU
		{8A9A7FE0-408E-4CC0-B18B-FF77C5A11099}.Debug|Any CPU.Build.0 = Debug|Any CPU
		{8A9A7FE0-408E-4CC0-B18B-FF77C5A11099}.Release|Any CPU.ActiveCfg = Release|Any CPU
		{8A9A7FE0-408E-4CC0-B18B-FF77C5A11099}.Release|Any CPU.Build.0 = Release|Any CPU
	EndGlobalSection
EndGlobal
